
Microsoft Visual Studio Solution File, Format Version 12.00
# Visual Studio Version 16
VisualStudioVersion = 16.0.30906.181
MinimumVisualStudioVersion = 10.0.40219.1
Project("{FAE04EC0-301F-11D3-BF4B-00C04F79EFBC}") = "WebApplication2", "WebApplication2\WebApplication2.csproj", "{3800391B-617C-4AB3-8B0B-79C6B6E9F880}"
EndProject
Global
	GlobalSection(SolutionConfigurationPlatforms) = preSolution
		Debug|Any CPU = Debug|Any CPU
		Release|Any CPU = Release|Any CPU
	EndGlobalSection
	GlobalSection(ProjectConfigurationPlatforms) = postSolution
		{3800391B-617C-4AB3-8B0B-79C6B6E9F880}.Debug|Any CPU.ActiveCfg = Debug|Any CPU
		{3800391B-617C-4AB3-8B0B-79C6B6E9F880}.Debug|Any CPU.Build.0 = Debug|Any CPU
		{3800391B-617C-4AB3-8B0B-79C6B6E9F880}.Release|Any CPU.ActiveCfg = Release|Any CPU
		{3800391B-617C-4AB3-8B0B-79C6B6E9F880}.Release|Any CPU.Build.0 = Release|Any CPU
	EndGlobalSection
	GlobalSection(SolutionProperties) = preSolution
		HideSolutionNode = FALSE
	EndGlobalSection
	GlobalSection(ExtensibilityGlobals) = postSolution
		SolutionGuid = {C7A640C6-D7C5-4551-857E-3A979F1D3293}
	EndGlobalSection
EndGlobal
